
Microsoft Visual Studio Solution File, Format Version 12.00
# Visual Studio Version 17
VisualStudioVersion = 17.3.32929.385
MinimumVisualStudioVersion = 10.0.40219.1
Project("{FAE04EC0-301F-11D3-BF4B-00C04F79EFBC}") = "ApoXamarinMod1.Android", "ApoXamarinMod1\ApoXamarinMod1.Android\ApoXamarinMod1.Android.csproj", "{AE95723F-E86C-41FD-8B2F-B5E5D6547C9C}"
EndProject
Project("{FAE04EC0-301F-11D3-BF4B-00C04F79EFBC}") = "ApoXamarinMod1.iOS", "ApoXamarinMod1\ApoXamarinMod1.iOS\ApoXamarinMod1.iOS.csproj", "{D4578C83-AA19-46C7-98E0-E181BCA5563A}"
EndProject
Project("{FAE04EC0-301F-11D3-BF4B-00C04F79EFBC}") = "ApoXamarinMod1", "ApoXamarinMod1\ApoXamarinMod1\ApoXamarinMod1.csproj", "{ACDBD10C-6B2D-496D-8435-C5385FBD01E9}"
EndProject
Global
	GlobalSection(SolutionConfigurationPlatforms) = preSolution
		Debug|Any CPU = Debug|Any CPU
		Debug|iPhone = Debug|iPhone
		Debug|iPhoneSimulator = Debug|iPhoneSimulator
		Release|Any CPU = Release|Any CPU
		Release|iPhone = Release|iPhone
		Release|iPhoneSimulator = Release|iPhoneSimulator
	EndGlobalSection
	GlobalSection(ProjectConfigurationPlatforms) = postSolution
		{AE95723F-E86C-41FD-8B2F-B5E5D6547C9C}.Debug|Any CPU.ActiveCfg = Debug|Any CPU
		{AE95723F-E86C-41FD-8B2F-B5E5D6547C9C}.Debug|Any CPU.Build.0 = Debug|Any CPU
		{AE95723F-E86C-41FD-8B2F-B5E5D6547C9C}.Debug|Any CPU.Deploy.0 = Debug|Any CPU
		{AE95723F-E86C-41FD-8B2F-B5E5D6547C9C}.Debug|iPhone.ActiveCfg = Debug|Any CPU
		{AE95723F-E86C-41FD-8B2F-B5E5D6547C9C}.Debug|iPhone.Build.0 = Debug|Any CPU
		{AE95723F-E86C-41FD-8B2F-B5E5D6547C9C}.Debug|iPhone.Deploy.0 = Debug|Any CPU
		{AE95723F-E86C-41FD-8B2F-B5E5D6547C9C}.Debug|iPhoneSimulator.ActiveCfg = Debug|Any CPU
		{AE95723F-E86C-41FD-8B2F-B5E5D6547C9C}.Debug|iPhoneSimulator.Build.0 = Debug|Any CPU
		{AE95723F-E86C-41FD-8B2F-B5E5D6547C9C}.Debug|iPhoneSimulator.Deploy.0 = Debug|Any CPU
		{AE95723F-E86C-41FD-8B2F-B5E5D6547C9C}.Release|Any CPU.ActiveCfg = Release|Any CPU
		{AE95723F-E86C-41FD-8B2F-B5E5D6547C9C}.Release|Any CPU.Build.0 = Release|Any CPU
		{AE95723F-E86C-41FD-8B2F-B5E5D6547C9C}.Release|Any CPU.Deploy.0 = Release|Any CPU
		{AE95723F-E86C-41FD-8B2F-B5E5D6547C9C}.Release|iPhone.ActiveCfg = Release|Any CPU
		{AE95723F-E86C-41FD-8B2F-B5E5D6547C9C}.Release|iPhone.Build.0 = Release|Any CPU
		{AE95723F-E86C-41FD-8B2F-B5E5D6547C9C}.Release|iPhone.Deploy.0 = Release|Any CPU
		{AE95723F-E86C-41FD-8B2F-B5E5D6547C9C}.Release|iPhoneSimulator.ActiveCfg = Release|Any CPU
		{AE95723F-E86C-41FD-8B2F-B5E5D6547C9C}.Release|iPhoneSimulator.Build.0 = Release|Any CPU
		{AE95723F-E86C-41FD-8B2F-B5E5D6547C9C}.Release|iPhoneSimulator.Deploy.0 = Release|Any CPU
		{D4578C83-AA19-46C7-98E0-E181BCA5563A}.Debug|Any CPU.ActiveCfg = Debug|iPhone
		{D4578C83-AA19-46C7-98E0-E181BCA5563A}.Debug|Any CPU.Build.0 = Debug|iPhone
		{D4578C83-AA19-46C7-98E0-E181BCA5563A}.Debug|Any CPU.Deploy.0 = Debug|iPhone
		{D4578C83-AA19-46C7-98E0-E181BCA5563A}.Debug|iPhone.ActiveCfg = Debug|iPhone
		{D4578C83-AA19-46C7-98E0-E181BCA5563A}.Debug|iPhone.Build.0 = Debug|iPhone
		{D4578C83-AA19-46C7-98E0-E181BCA5563A}.Debug|iPhone.Deploy.0 = Debug|iPhone
		{D4578C83-AA19-46C7-98E0-E181BCA5563A}.Debug|iPhoneSimulator.ActiveCfg = Debug|iPhoneSimulator
		{D4578C83-AA19-46C7-98E0-E181BCA5563A}.Debug|iPhoneSimulator.Build.0 = Debug|iPhoneSimulator
		{D4578C83-AA19-46C7-98E0-E181BCA5563A}.Debug|iPhoneSimulator.Deploy.0 = Debug|iPhoneSimulator
		{D4578C83-AA19-46C7-98E0-E181BCA5563A}.Release|Any CPU.ActiveCfg = Release|iPhoneSimulator
		{D4578C83-AA19-46C7-98E0-E181BCA5563A}.Release|Any CPU.Build.0 = Release|iPhoneSimulator
		{D4578C83-AA19-46C7-98E0-E181BCA5563A}.Release|Any CPU.Deploy.0 = Release|iPhoneSimulator
		{D4578C83-AA19-46C7-98E0-E181BCA5563A}.Release|iPhone.ActiveCfg = Release|iPhone
		{D4578C83-AA19-46C7-98E0-E181BCA5563A}.Release|iPhone.Build.0 = Release|iPhone
		{D4578C83-AA19-46C7-98E0-E181BCA5563A}.Release|iPhone.Deploy.0 = Release|iPhone
		{D4578C83-AA19-46C7-98E0-E181BCA5563A}.Release|iPhoneSimulator.ActiveCfg = Release|iPhoneSimulator
		{D4578C83-AA19-46C7-98E0-E181BCA5563A}.Release|iPhoneSimulator.Build.0 = Release|iPhoneSimulator
		{D4578C83-AA19-46C7-98E0-E181BCA5563A}.Release|iPhoneSimulator.Deploy.0 = Release|iPhoneSimulator
		{ACDBD10C-6B2D-496D-8435-C5385FBD01E9}.Debug|Any CPU.ActiveCfg = Debug|Any CPU
		{ACDBD10C-6B2D-496D-8435-C5385FBD01E9}.Debug|Any CPU.Build.0 = Debug|Any CPU
		{ACDBD10C-6B2D-496D-8435-C5385FBD01E9}.Debug|Any CPU.Deploy.0 = Debug|Any CPU
		{ACDBD10C-6B2D-496D-8435-C5385FBD01E9}.Debug|iPhone.ActiveCfg = Debug|Any CPU
		{ACDBD10C-6B2D-496D-8435-C5385FBD01E9}.Debug|iPhone.Build.0 = Debug|Any CPU
		{ACDBD10C-6B2D-496D-8435-C5385FBD01E9}.Debug|iPhone.Deploy.0 = Debug|Any CPU
		{ACDBD10C-6B2D-496D-8435-C5385FBD01E9}.Debug|iPhoneSimulator.ActiveCfg = Debug|Any CPU
		{ACDBD10C-6B2D-496D-8435-C5385FBD01E9}.Debug|iPhoneSimulator.Build.0 = Debug|Any CPU
		{ACDBD10C-6B2D-496D-8435-C5385FBD01E9}.Debug|iPhoneSimulator.Deploy.0 = Debug|Any CPU
		{ACDBD10C-6B2D-496D-8435-C5385FBD01E9}.Release|Any CPU.ActiveCfg = Release|Any CPU
		{ACDBD10C-6B2D-496D-8435-C5385FBD01E9}.Release|Any CPU.Build.0 = Release|Any CPU
		{ACDBD10C-6B2D-496D-8435-C5385FBD01E9}.Release|Any CPU.Deploy.0 = Release|Any CPU
		{ACDBD10C-6B2D-496D-8435-C5385FBD01E9}.Release|iPhone.ActiveCfg = Release|Any CPU
		{ACDBD10C-6B2D-496D-8435-C5385FBD01E9}.Release|iPhone.Build.0 = Release|Any CPU
		{ACDBD10C-6B2D-496D-8435-C5385FBD01E9}.Release|iPhone.Deploy.0 = Release|Any CPU
		{ACDBD10C-6B2D-496D-8435-C5385FBD01E9}.Release|iPhoneSimulator.ActiveCfg = Release|Any CPU
		{ACDBD10C-6B2D-496D-8435-C5385FBD01E9}.Release|iPhoneSimulator.Build.0 = Release|Any CPU
		{ACDBD10C-6B2D-496D-8435-C5385FBD01E9}.Release|iPhoneSimulator.Deploy.0 = Release|Any CPU
	EndGlobalSection
	GlobalSection(SolutionProperties) = preSolution
		HideSolutionNode = FALSE
	EndGlobalSection
	GlobalSection(ExtensibilityGlobals) = postSolution
		SolutionGuid = {CB4B123E-D0C6-4C58-AB45-9079B2D9ABC4}
	EndGlobalSection
EndGlobal
