
Microsoft Visual Studio Solution File, Format Version 12.00
# Visual Studio Version 17
VisualStudioVersion = 17.3.32929.385
MinimumVisualStudioVersion = 10.0.40219.1
Project("{FAE04EC0-301F-11D3-BF4B-00C04F79EFBC}") = "LayoutGrid.Android", "LayoutGrid\LayoutGrid.Android\LayoutGrid.Android.csproj", "{1001FAF8-8FDF-4FFD-AB0C-387F15359919}"
EndProject
Project("{FAE04EC0-301F-11D3-BF4B-00C04F79EFBC}") = "LayoutGrid", "LayoutGrid\LayoutGrid\LayoutGrid.csproj", "{A7C9EC4A-5CD7-47EB-B17F-88B6F6136528}"
EndProject
Global
	GlobalSection(SolutionConfigurationPlatforms) = preSolution
		Debug|Any CPU = Debug|Any CPU
		Release|Any CPU = Release|Any CPU
	EndGlobalSection
	GlobalSection(ProjectConfigurationPlatforms) = postSolution
		{1001FAF8-8FDF-4FFD-AB0C-387F15359919}.Debug|Any CPU.ActiveCfg = Debug|Any CPU
		{1001FAF8-8FDF-4FFD-AB0C-387F15359919}.Debug|Any CPU.Build.0 = Debug|Any CPU
		{1001FAF8-8FDF-4FFD-AB0C-387F15359919}.Debug|Any CPU.Deploy.0 = Debug|Any CPU
		{1001FAF8-8FDF-4FFD-AB0C-387F15359919}.Release|Any CPU.ActiveCfg = Release|Any CPU
		{1001FAF8-8FDF-4FFD-AB0C-387F15359919}.Release|Any CPU.Build.0 = Release|Any CPU
		{1001FAF8-8FDF-4FFD-AB0C-387F15359919}.Release|Any CPU.Deploy.0 = Release|Any CPU
		{A7C9EC4A-5CD7-47EB-B17F-88B6F6136528}.Debug|Any CPU.ActiveCfg = Debug|Any CPU
		{A7C9EC4A-5CD7-47EB-B17F-88B6F6136528}.Debug|Any CPU.Build.0 = Debug|Any CPU
		{A7C9EC4A-5CD7-47EB-B17F-88B6F6136528}.Debug|Any CPU.Deploy.0 = Debug|Any CPU
		{A7C9EC4A-5CD7-47EB-B17F-88B6F6136528}.Release|Any CPU.ActiveCfg = Release|Any CPU
		{A7C9EC4A-5CD7-47EB-B17F-88B6F6136528}.Release|Any CPU.Build.0 = Release|Any CPU
		{A7C9EC4A-5CD7-47EB-B17F-88B6F6136528}.Release|Any CPU.Deploy.0 = Release|Any CPU
	EndGlobalSection
	GlobalSection(SolutionProperties) = preSolution
		HideSolutionNode = FALSE
	EndGlobalSection
	GlobalSection(ExtensibilityGlobals) = postSolution
		SolutionGuid = {8A12E107-EC6B-424C-A0A9-75EC8C2CEA86}
	EndGlobalSection
EndGlobal
